
Microsoft Visual Studio Solution File, Format Version 12.00
# Visual Studio Version 16
VisualStudioVersion = 16.0.32929.386
MinimumVisualStudioVersion = 10.0.40219.1
Project("{8BC9CEB8-8B4A-11D0-8D11-00A0C91BC942}") = "Lab_2.4", "Lab_2.4\Lab_2.4.vcxproj", "{EDFAFD23-C0C5-4169-9826-CF3F8A68156B}"
EndProject
Global
	GlobalSection(SolutionConfigurationPlatforms) = preSolution
		Debug|x64 = Debug|x64
		Debug|x86 = Debug|x86
		Release|x64 = Release|x64
		Release|x86 = Release|x86
	EndGlobalSection
	GlobalSection(ProjectConfigurationPlatforms) = postSolution
		{EDFAFD23-C0C5-4169-9826-CF3F8A68156B}.Debug|x64.ActiveCfg = Debug|x64
		{EDFAFD23-C0C5-4169-9826-CF3F8A68156B}.Debug|x64.Build.0 = Debug|x64
		{EDFAFD23-C0C5-4169-9826-CF3F8A68156B}.Debug|x86.ActiveCfg = Debug|Win32
		{EDFAFD23-C0C5-4169-9826-CF3F8A68156B}.Debug|x86.Build.0 = Debug|Win32
		{EDFAFD23-C0C5-4169-9826-CF3F8A68156B}.Release|x64.ActiveCfg = Release|x64
		{EDFAFD23-C0C5-4169-9826-CF3F8A68156B}.Release|x64.Build.0 = Release|x64
		{EDFAFD23-C0C5-4169-9826-CF3F8A68156B}.Release|x86.ActiveCfg = Release|Win32
		{EDFAFD23-C0C5-4169-9826-CF3F8A68156B}.Release|x86.Build.0 = Release|Win32
	EndGlobalSection
	GlobalSection(SolutionProperties) = preSolution
		HideSolutionNode = FALSE
	EndGlobalSection
	GlobalSection(ExtensibilityGlobals) = postSolution
		SolutionGuid = {87ECEF4E-A5D9-45F7-AE07-4514AC13E933}
	EndGlobalSection
EndGlobal
